{
  "name": "nodejs",
  "version": "1.0.0",
  "lockfileVersion": 1,
  "requires": true,
  "dependencies": {
    "lambda-api": {
      "version": "0.10.7",
      "resolved": "https://registry.npmjs.org/lambda-api/-/lambda-api-0.10.7.tgz",
      "integrity": "sha512-PEentCSz6GUpRxdCc/7Nq6bmjNvjjXJmLV3Y2h366NWU7vOE7sqdVtTTyXaf7TMmyjyIoBM9y/5fiSBdz+3K3g=="
    }
  }
}
